
Microsoft Visual Studio Solution File, Format Version 12.00
# Visual Studio Version 16
VisualStudioVersion = 16.0.29519.181
MinimumVisualStudioVersion = 10.0.40219.1
Project("{FAE04EC0-301F-11D3-BF4B-00C04F79EFBC}") = "Farm", "Farm.csproj", "{67362020-92DA-4C4E-AEF3-14243D90ABCB}"
EndProject
Global
	GlobalSection(SolutionConfigurationPlatforms) = preSolution
		Debug|Any CPU = Debug|Any CPU
		Release|Any CPU = Release|Any CPU
	EndGlobalSection
	GlobalSection(ProjectConfigurationPlatforms) = postSolution
		{67362020-92DA-4C4E-AEF3-14243D90ABCB}.Debug|Any CPU.ActiveCfg = Debug|Any CPU
		{67362020-92DA-4C4E-AEF3-14243D90ABCB}.Debug|Any CPU.Build.0 = Debug|Any CPU
		{67362020-92DA-4C4E-AEF3-14243D90ABCB}.Release|Any CPU.ActiveCfg = Release|Any CPU
		{67362020-92DA-4C4E-AEF3-14243D90ABCB}.Release|Any CPU.Build.0 = Release|Any CPU
	EndGlobalSection
	GlobalSection(SolutionProperties) = preSolution
		HideSolutionNode = FALSE
	EndGlobalSection
	GlobalSection(ExtensibilityGlobals) = postSolution
		SolutionGuid = {1A1D90D7-A431-4BA2-AE2C-422D670D6623}
	EndGlobalSection
EndGlobal
